
Microsoft Visual Studio Solution File, Format Version 12.00
# Visual Studio Version 16
VisualStudioVersion = 16.0.31729.503
MinimumVisualStudioVersion = 10.0.40219.1
Project("{FAE04EC0-301F-11D3-BF4B-00C04F79EFBC}") = "09_windowsfrom_minimart", "09_windowsfrom_minimart\09_windowsfrom_minimart.csproj", "{10025CB5-E47D-4563-B986-5E4038B89B9C}"
EndProject
Global
	GlobalSection(SolutionConfigurationPlatforms) = preSolution
		Debug|Any CPU = Debug|Any CPU
		Release|Any CPU = Release|Any CPU
	EndGlobalSection
	GlobalSection(ProjectConfigurationPlatforms) = postSolution
		{10025CB5-E47D-4563-B986-5E4038B89B9C}.Debug|Any CPU.ActiveCfg = Debug|Any CPU
		{10025CB5-E47D-4563-B986-5E4038B89B9C}.Debug|Any CPU.Build.0 = Debug|Any CPU
		{10025CB5-E47D-4563-B986-5E4038B89B9C}.Release|Any CPU.ActiveCfg = Release|Any CPU
		{10025CB5-E47D-4563-B986-5E4038B89B9C}.Release|Any CPU.Build.0 = Release|Any CPU
	EndGlobalSection
	GlobalSection(SolutionProperties) = preSolution
		HideSolutionNode = FALSE
	EndGlobalSection
	GlobalSection(ExtensibilityGlobals) = postSolution
		SolutionGuid = {1D974323-6F81-4ABF-A7FF-EC126940E2F9}
	EndGlobalSection
EndGlobal
